
Microsoft Visual Studio Solution File, Format Version 12.00
# Visual Studio Version 16
VisualStudioVersion = 16.0.30104.148
MinimumVisualStudioVersion = 10.0.40219.1
Project("{FAE04EC0-301F-11D3-BF4B-00C04F79EFBC}") = "webschool", "webschool\webschool.csproj", "{B6458B03-E203-4459-A5B5-EDCDF77A7A3E}"
EndProject
Global
	GlobalSection(SolutionConfigurationPlatforms) = preSolution
		Debug|Any CPU = Debug|Any CPU
		Release|Any CPU = Release|Any CPU
	EndGlobalSection
	GlobalSection(ProjectConfigurationPlatforms) = postSolution
		{B6458B03-E203-4459-A5B5-EDCDF77A7A3E}.Debug|Any CPU.ActiveCfg = Debug|Any CPU
		{B6458B03-E203-4459-A5B5-EDCDF77A7A3E}.Debug|Any CPU.Build.0 = Debug|Any CPU
		{B6458B03-E203-4459-A5B5-EDCDF77A7A3E}.Release|Any CPU.ActiveCfg = Release|Any CPU
		{B6458B03-E203-4459-A5B5-EDCDF77A7A3E}.Release|Any CPU.Build.0 = Release|Any CPU
	EndGlobalSection
	GlobalSection(SolutionProperties) = preSolution
		HideSolutionNode = FALSE
	EndGlobalSection
	GlobalSection(ExtensibilityGlobals) = postSolution
		SolutionGuid = {3CEFBDA4-D3E4-4C93-B760-BA5409F605CF}
	EndGlobalSection
EndGlobal
